{
  "version": 4,
  "terraform_version": "1.0.3",
  "serial": 24,
  "lineage": "ec699df8-19ee-0579-6062-fb8c72c62a24",
  "outputs": {},
  "resources": [
    {
      "mode": "data",
      "type": "azurerm_client_config",
      "name": "current",
      "provider": "provider[\"registry.terraform.io/hashicorp/azurerm\"]",
      "instances": [
        {
          "schema_version": 0,
          "attributes": {
            "client_id": "04b07795-8ddb-461a-bbee-02f9e1bf7b46",
            "id": "2021-09-24 10:42:47.5038082 +0000 UTC",
            "object_id": "74d2f5f9-8dd0-4caa-9c1c-37b13df32a09",
            "subscription_id": "3f54f6e6-98cd-45e4-bf73-eb9bd60502f9",
            "tenant_id": "ab8614a3-38fa-4410-81cc-2cff09afdee1",
            "timeouts": null
          },
          "sensitive_attributes": []
        }
      ]
    },
    {
      "mode": "managed",
      "type": "azurerm_key_vault",
      "name": "keyvault",
      "provider": "provider[\"registry.terraform.io/hashicorp/azurerm\"]",
      "instances": [
        {
          "schema_version": 2,
          "attributes": {
            "access_policy": [
              {
                "application_id": "",
                "certificate_permissions": [
                  "Get",
                  "List",
                  "Update",
                  "Create",
                  "Import",
                  "Delete",
                  "Recover",
                  "Backup",
                  "Restore",
                  "ManageContacts",
                  "ManageIssuers",
                  "GetIssuers",
                  "ListIssuers",
                  "SetIssuers",
                  "DeleteIssuers"
                ],
                "key_permissions": [
                  "Get",
                  "List",
                  "Update",
                  "Create",
                  "Import",
                  "Delete",
                  "Recover",
                  "Backup",
                  "Restore"
                ],
                "object_id": "74d2f5f9-8dd0-4caa-9c1c-37b13df32a09",
                "secret_permissions": [
                  "Get",
                  "List",
                  "Set",
                  "Delete",
                  "Recover",
                  "Backup",
                  "Restore"
                ],
                "storage_permissions": [],
                "tenant_id": "ab8614a3-38fa-4410-81cc-2cff09afdee1"
              }
            ],
            "contact": [],
            "enable_rbac_authorization": false,
            "enabled_for_deployment": false,
            "enabled_for_disk_encryption": false,
            "enabled_for_template_deployment": false,
            "id": "/subscriptions/3f54f6e6-98cd-45e4-bf73-eb9bd60502f9/resourceGroups/demo-rg/providers/Microsoft.KeyVault/vaults/DemoVaulthotoaisa",
            "location": "eastus",
            "name": "DemoVaulthotoaisa",
            "network_acls": [
              {
                "bypass": "AzureServices",
                "default_action": "Allow",
                "ip_rules": [],
                "virtual_network_subnet_ids": []
              }
            ],
            "purge_protection_enabled": true,
            "resource_group_name": "demo-rg",
            "sku_name": "standard",
            "soft_delete_enabled": true,
            "soft_delete_retention_days": 7,
            "tags": {
              "created-by": "Ramkrishna Kakani"
            },
            "tenant_id": "ab8614a3-38fa-4410-81cc-2cff09afdee1",
            "timeouts": null,
            "vault_uri": "https://demovaulthotoaisa.vault.azure.net/"
          },
          "sensitive_attributes": [],
          "private": "eyJlMmJmYjczMC1lY2FhLTExZTYtOGY4OC0zNDM2M2JjN2M0YzAiOnsiY3JlYXRlIjoxODAwMDAwMDAwMDAwLCJkZWxldGUiOjE4MDAwMDAwMDAwMDAsInJlYWQiOjMwMDAwMDAwMDAwMCwidXBkYXRlIjoxODAwMDAwMDAwMDAwfSwic2NoZW1hX3ZlcnNpb24iOiIyIn0=",
          "dependencies": [
            "data.azurerm_client_config.current"
          ]
        }
      ]
    },
    {
      "mode": "managed",
      "type": "azurerm_key_vault_secret",
      "name": "secret",
      "provider": "provider[\"registry.terraform.io/hashicorp/azurerm\"]",
      "instances": [
        {
          "schema_version": 0,
          "attributes": {
            "content_type": "",
            "expiration_date": null,
            "id": "https://demovaulthotoaisa.vault.azure.net/secrets/DBConnectionString/ab1ecad0396e444e8dd03420319060ec",
            "key_vault_id": "/subscriptions/3f54f6e6-98cd-45e4-bf73-eb9bd60502f9/resourceGroups/demo-rg/providers/Microsoft.KeyVault/vaults/DemoVaulthotoaisa",
            "name": "DBConnectionString",
            "not_before_date": null,
            "tags": {},
            "timeouts": null,
            "value": "Server=tcp:demopohglobalserver.database.windows.net,1433;Initial Catalog=demoPOHTenancyDB;Persist Security Info=False;User ID=mdrxadmin;Password=Demo@123;MultipleActiveResultSets=False;Encrypt=True;TrustServerCertificate=False;Connection Timeout=30;",
            "version": "ab1ecad0396e444e8dd03420319060ec",
            "versionless_id": "https://demovaulthotoaisa.vault.azure.net/secrets/DBConnectionString"
          },
          "sensitive_attributes": [
            [
              {
                "type": "get_attr",
                "value": "value"
              }
            ]
          ],
          "private": "eyJlMmJmYjczMC1lY2FhLTExZTYtOGY4OC0zNDM2M2JjN2M0YzAiOnsiY3JlYXRlIjoxODAwMDAwMDAwMDAwLCJkZWxldGUiOjE4MDAwMDAwMDAwMDAsInJlYWQiOjMwMDAwMDAwMDAwMCwidXBkYXRlIjoxODAwMDAwMDAwMDAwfX0=",
          "dependencies": [
            "azurerm_key_vault.keyvault",
            "azurerm_mssql_database.sql-database",
            "azurerm_mssql_server.sql-server",
            "data.azurerm_client_config.current"
          ]
        }
      ]
    },
    {
      "mode": "managed",
      "type": "azurerm_mssql_database",
      "name": "sql-database",
      "provider": "provider[\"registry.terraform.io/hashicorp/azurerm\"]",
      "instances": [
        {
          "schema_version": 1,
          "attributes": {
            "auto_pause_delay_in_minutes": 0,
            "collation": "SQL_Latin1_General_CP1_CI_AS",
            "create_mode": "Default",
            "creation_source_database_id": null,
            "elastic_pool_id": "",
            "extended_auditing_policy": [],
            "geo_backup_enabled": true,
            "id": "/subscriptions/3f54f6e6-98cd-45e4-bf73-eb9bd60502f9/resourceGroups/demo-rg/providers/Microsoft.Sql/servers/demopohglobalserver/databases/demoPOHTenancyDB",
            "license_type": "",
            "long_term_retention_policy": [
              {
                "monthly_retention": "PT0S",
                "week_of_year": 0,
                "weekly_retention": "PT0S",
                "yearly_retention": "PT0S"
              }
            ],
            "max_size_gb": 1,
            "min_capacity": 0,
            "name": "demoPOHTenancyDB",
            "read_replica_count": 0,
            "read_scale": false,
            "recover_database_id": null,
            "restore_dropped_database_id": null,
            "restore_point_in_time": null,
            "sample_name": null,
            "server_id": "/subscriptions/3f54f6e6-98cd-45e4-bf73-eb9bd60502f9/resourceGroups/demo-rg/providers/Microsoft.Sql/servers/demopohglobalserver",
            "short_term_retention_policy": [
              {
                "retention_days": 7
              }
            ],
            "sku_name": "Basic",
            "storage_account_type": "GRS",
            "tags": {
              "created-by": "Ramkrishna Kakani"
            },
            "threat_detection_policy": [
              {
                "disabled_alerts": [],
                "email_account_admins": "Disabled",
                "email_addresses": [],
                "retention_days": 0,
                "state": "Disabled",
                "storage_account_access_key": "",
                "storage_endpoint": "",
                "use_server_default": "Disabled"
              }
            ],
            "timeouts": null,
            "zone_redundant": false
          },
          "sensitive_attributes": [],
          "private": "eyJlMmJmYjczMC1lY2FhLTExZTYtOGY4OC0zNDM2M2JjN2M0YzAiOnsiY3JlYXRlIjozNjAwMDAwMDAwMDAwLCJkZWxldGUiOjM2MDAwMDAwMDAwMDAsInJlYWQiOjMwMDAwMDAwMDAwMCwidXBkYXRlIjozNjAwMDAwMDAwMDAwfSwic2NoZW1hX3ZlcnNpb24iOiIxIn0=",
          "dependencies": [
            "azurerm_mssql_server.sql-server"
          ]
        }
      ]
    },
    {
      "mode": "managed",
      "type": "azurerm_mssql_server",
      "name": "sql-server",
      "provider": "provider[\"registry.terraform.io/hashicorp/azurerm\"]",
      "instances": [
        {
          "schema_version": 0,
          "attributes": {
            "administrator_login": "mdrxadmin",
            "administrator_login_password": "Demo@123",
            "azuread_administrator": [],
            "connection_policy": "Default",
            "extended_auditing_policy": [],
            "fully_qualified_domain_name": "demopohglobalserver.database.windows.net",
            "id": "/subscriptions/3f54f6e6-98cd-45e4-bf73-eb9bd60502f9/resourceGroups/demo-rg/providers/Microsoft.Sql/servers/demopohglobalserver",
            "identity": [],
            "location": "eastus",
            "minimum_tls_version": "",
            "name": "demopohglobalserver",
            "public_network_access_enabled": true,
            "resource_group_name": "demo-rg",
            "restorable_dropped_database_ids": [],
            "tags": {
              "created-by": "Ramkrishna Kakani"
            },
            "timeouts": null,
            "version": "12.0"
          },
          "sensitive_attributes": [],
          "private": "eyJlMmJmYjczMC1lY2FhLTExZTYtOGY4OC0zNDM2M2JjN2M0YzAiOnsiY3JlYXRlIjozNjAwMDAwMDAwMDAwLCJkZWxldGUiOjM2MDAwMDAwMDAwMDAsInJlYWQiOjMwMDAwMDAwMDAwMCwidXBkYXRlIjozNjAwMDAwMDAwMDAwfX0="
        }
      ]
    }
  ]
}
